
Microsoft Visual Studio Solution File, Format Version 12.00
# Visual Studio 15
VisualStudioVersion = 15.0.27703.2000
MinimumVisualStudioVersion = 10.0.40219.1
Project("{FAE04EC0-301F-11D3-BF4B-00C04F79EFBC}") = "Sample", "Sample\Sample.csproj", "{B26A0CD4-8C13-4EA3-82BA-F4FC4F67AE17}"
EndProject
Project("{FAE04EC0-301F-11D3-BF4B-00C04F79EFBC}") = "Sample.Repository.Interface", "Sample.Repository.Interface\Sample.Repository.Interface.csproj", "{3EE1F26A-9839-40F3-ABDE-059C7B744157}"
EndProject
Project("{FAE04EC0-301F-11D3-BF4B-00C04F79EFBC}") = "Sample.Repository.Implement", "Sample.Repository.Implement\Sample.Repository.Implement.csproj", "{21B6FCF6-D024-4CE4-BE03-F444DD49C0D7}"
EndProject
Project("{FAE04EC0-301F-11D3-BF4B-00C04F79EFBC}") = "Sample.Service.Interface", "Sample.Service.Interface\Sample.Service.Interface.csproj", "{119056D6-71A1-4294-80F6-5CE46CEC7E8E}"
EndProject
Project("{FAE04EC0-301F-11D3-BF4B-00C04F79EFBC}") = "Sample.Service.Implement", "Sample.Service.Implement\Sample.Service.Implement.csproj", "{9D2000D5-E505-4398-AFAA-2C78A048BC57}"
EndProject
Project("{FAE04EC0-301F-11D3-BF4B-00C04F79EFBC}") = "Sample.Model", "Sample.Model\Sample.Model.csproj", "{670E59BB-9F7E-4EBA-AA73-3B779FAFA78A}"
EndProject
Global
	GlobalSection(SolutionConfigurationPlatforms) = preSolution
		Debug|Any CPU = Debug|Any CPU
		Release|Any CPU = Release|Any CPU
	EndGlobalSection
	GlobalSection(ProjectConfigurationPlatforms) = postSolution
		{B26A0CD4-8C13-4EA3-82BA-F4FC4F67AE17}.Debug|Any CPU.ActiveCfg = Debug|Any CPU
		{B26A0CD4-8C13-4EA3-82BA-F4FC4F67AE17}.Debug|Any CPU.Build.0 = Debug|Any CPU
		{B26A0CD4-8C13-4EA3-82BA-F4FC4F67AE17}.Release|Any CPU.ActiveCfg = Release|Any CPU
		{B26A0CD4-8C13-4EA3-82BA-F4FC4F67AE17}.Release|Any CPU.Build.0 = Release|Any CPU
		{3EE1F26A-9839-40F3-ABDE-059C7B744157}.Debug|Any CPU.ActiveCfg = Debug|Any CPU
		{3EE1F26A-9839-40F3-ABDE-059C7B744157}.Debug|Any CPU.Build.0 = Debug|Any CPU
		{3EE1F26A-9839-40F3-ABDE-059C7B744157}.Release|Any CPU.ActiveCfg = Release|Any CPU
		{3EE1F26A-9839-40F3-ABDE-059C7B744157}.Release|Any CPU.Build.0 = Release|Any CPU
		{21B6FCF6-D024-4CE4-BE03-F444DD49C0D7}.Debug|Any CPU.ActiveCfg = Debug|Any CPU
		{21B6FCF6-D024-4CE4-BE03-F444DD49C0D7}.Debug|Any CPU.Build.0 = Debug|Any CPU
		{21B6FCF6-D024-4CE4-BE03-F444DD49C0D7}.Release|Any CPU.ActiveCfg = Release|Any CPU
		{21B6FCF6-D024-4CE4-BE03-F444DD49C0D7}.Release|Any CPU.Build.0 = Release|Any CPU
		{119056D6-71A1-4294-80F6-5CE46CEC7E8E}.Debug|Any CPU.ActiveCfg = Debug|Any CPU
		{119056D6-71A1-4294-80F6-5CE46CEC7E8E}.Debug|Any CPU.Build.0 = Debug|Any CPU
		{119056D6-71A1-4294-80F6-5CE46CEC7E8E}.Release|Any CPU.ActiveCfg = Release|Any CPU
		{119056D6-71A1-4294-80F6-5CE46CEC7E8E}.Release|Any CPU.Build.0 = Release|Any CPU
		{9D2000D5-E505-4398-AFAA-2C78A048BC57}.Debug|Any CPU.ActiveCfg = Debug|Any CPU
		{9D2000D5-E505-4398-AFAA-2C78A048BC57}.Debug|Any CPU.Build.0 = Debug|Any CPU
		{9D2000D5-E505-4398-AFAA-2C78A048BC57}.Release|Any CPU.ActiveCfg = Release|Any CPU
		{9D2000D5-E505-4398-AFAA-2C78A048BC57}.Release|Any CPU.Build.0 = Release|Any CPU
		{670E59BB-9F7E-4EBA-AA73-3B779FAFA78A}.Debug|Any CPU.ActiveCfg = Debug|Any CPU
		{670E59BB-9F7E-4EBA-AA73-3B779FAFA78A}.Debug|Any CPU.Build.0 = Debug|Any CPU
		{670E59BB-9F7E-4EBA-AA73-3B779FAFA78A}.Release|Any CPU.ActiveCfg = Release|Any CPU
		{670E59BB-9F7E-4EBA-AA73-3B779FAFA78A}.Release|Any CPU.Build.0 = Release|Any CPU
	EndGlobalSection
	GlobalSection(SolutionProperties) = preSolution
		HideSolutionNode = FALSE
	EndGlobalSection
	GlobalSection(ExtensibilityGlobals) = postSolution
		SolutionGuid = {8120B1C1-6997-4517-9FFA-931EC1B8BE00}
	EndGlobalSection
EndGlobal
